
Microsoft Visual Studio Solution File, Format Version 12.00
# Visual Studio Version 16
VisualStudioVersion = 16.0.28922.388
MinimumVisualStudioVersion = 10.0.40219.1
Project("{FAE04EC0-301F-11D3-BF4B-00C04F79EFBC}") = "AirportWildlife", "AirportWildlife\AirportWildlife.csproj", "{563B29D6-42A4-4010-B12F-29E6593786D9}"
EndProject
Global
	GlobalSection(SolutionConfigurationPlatforms) = preSolution
		Debug|Any CPU = Debug|Any CPU
		Release|Any CPU = Release|Any CPU
	EndGlobalSection
	GlobalSection(ProjectConfigurationPlatforms) = postSolution
		{563B29D6-42A4-4010-B12F-29E6593786D9}.Debug|Any CPU.ActiveCfg = Debug|Any CPU
		{563B29D6-42A4-4010-B12F-29E6593786D9}.Debug|Any CPU.Build.0 = Debug|Any CPU
		{563B29D6-42A4-4010-B12F-29E6593786D9}.Release|Any CPU.ActiveCfg = Release|Any CPU
		{563B29D6-42A4-4010-B12F-29E6593786D9}.Release|Any CPU.Build.0 = Release|Any CPU
	EndGlobalSection
	GlobalSection(SolutionProperties) = preSolution
		HideSolutionNode = FALSE
	EndGlobalSection
	GlobalSection(ExtensibilityGlobals) = postSolution
		SolutionGuid = {66A97624-F324-4D15-A19D-9F951C2D10B6}
	EndGlobalSection
EndGlobal
